
Microsoft Visual Studio Solution File, Format Version 12.00
# Visual Studio Version 17
VisualStudioVersion = 17.2.32526.322
MinimumVisualStudioVersion = 10.0.40219.1
Project("{FAE04EC0-301F-11D3-BF4B-00C04F79EFBC}") = "OOP5", "OOP5\OOP5.csproj", "{F515063A-772B-4EBE-A7A0-C5080D27FBC4}"
EndProject
Global
	GlobalSection(SolutionConfigurationPlatforms) = preSolution
		Debug|Any CPU = Debug|Any CPU
		Release|Any CPU = Release|Any CPU
	EndGlobalSection
	GlobalSection(ProjectConfigurationPlatforms) = postSolution
		{F515063A-772B-4EBE-A7A0-C5080D27FBC4}.Debug|Any CPU.ActiveCfg = Debug|Any CPU
		{F515063A-772B-4EBE-A7A0-C5080D27FBC4}.Debug|Any CPU.Build.0 = Debug|Any CPU
		{F515063A-772B-4EBE-A7A0-C5080D27FBC4}.Release|Any CPU.ActiveCfg = Release|Any CPU
		{F515063A-772B-4EBE-A7A0-C5080D27FBC4}.Release|Any CPU.Build.0 = Release|Any CPU
	EndGlobalSection
	GlobalSection(SolutionProperties) = preSolution
		HideSolutionNode = FALSE
	EndGlobalSection
	GlobalSection(ExtensibilityGlobals) = postSolution
		SolutionGuid = {4E0E3663-DCCE-4C17-9A8B-7D134CC47A1F}
	EndGlobalSection
EndGlobal
